// !$*UTF8*$!
{
	archiveVersion = 1;
	classes = {
	};
	objectVersion = 50;
	objects = {

/* Begin PBXBuildFile section */
		4CDAEF41255D1ECB008E85CA /* CategoryDetailView.swift in Sources */ = {isa = PBXBuildFile; fileRef = 4CDAEF40255D1ECB008E85CA /* CategoryDetailView.swift */; };
		4CDAEF44255D1EFF008E85CA /* Category.swift in Sources */ = {isa = PBXBuildFile; fileRef = 4CDAEF43255D1EFF008E85CA /* Category.swift */; };
		82287B4C22E35186000BA748 /* SourceHanSerifCN-Regular.ttf in Resources */ = {isa = PBXBuildFile; fileRef = 82287B4B22E35186000BA748 /* SourceHanSerifCN-Regular.ttf */; };
		82525AA722D77A6C00BE64D3 /* TangShiList.swift in Sources */ = {isa = PBXBuildFile; fileRef = 82525AA622D77A6C00BE64D3 /* TangShiList.swift */; };
		8273D40E22D97DDE005E73BF /* WebView.swift in Sources */ = {isa = PBXBuildFile; fileRef = 8273D40D22D97DDE005E73BF /* WebView.swift */; };
		8273D41222DA2543005E73BF /* tang_authors_10.json in Resources */ = {isa = PBXBuildFile; fileRef = 8273D41122DA2543005E73BF /* tang_authors_10.json */; };
		8273D41422DA274E005E73BF /* Author.swift in Sources */ = {isa = PBXBuildFile; fileRef = 8273D41322DA274E005E73BF /* Author.swift */; };
		8273D41622DB799F005E73BF /* TangShiTitle.swift in Sources */ = {isa = PBXBuildFile; fileRef = 8273D41522DB799F005E73BF /* TangShiTitle.swift */; };
		828A02EC22DE12F300E48499 /* result.json in Resources */ = {isa = PBXBuildFile; fileRef = 828A02EB22DE12F300E48499 /* result.json */; };
		828A02EF22DE187200E48499 /* AuthorDetail.swift in Sources */ = {isa = PBXBuildFile; fileRef = 828A02EE22DE187200E48499 /* AuthorDetail.swift */; };
		8A23B01122CDEAE8007643F0 /* AppDelegate.swift in Sources */ = {isa = PBXBuildFile; fileRef = 8A23B01022CDEAE8007643F0 /* AppDelegate.swift */; };
		8A23B01322CDEAE8007643F0 /* SceneDelegate.swift in Sources */ = {isa = PBXBuildFile; fileRef = 8A23B01222CDEAE8007643F0 /* SceneDelegate.swift */; };
		8A23B01522CDEAE8007643F0 /* ContentView.swift in Sources */ = {isa = PBXBuildFile; fileRef = 8A23B01422CDEAE8007643F0 /* ContentView.swift */; };
		8A23B01722CDEAEA007643F0 /* Assets.xcassets in Resources */ = {isa = PBXBuildFile; fileRef = 8A23B01622CDEAEA007643F0 /* Assets.xcassets */; };
		8A23B01A22CDEAEA007643F0 /* Preview Assets.xcassets in Resources */ = {isa = PBXBuildFile; fileRef = 8A23B01922CDEAEA007643F0 /* Preview Assets.xcassets */; };
		8A23B01D22CDEAEA007643F0 /* LaunchScreen.storyboard in Resources */ = {isa = PBXBuildFile; fileRef = 8A23B01B22CDEAEA007643F0 /* LaunchScreen.storyboard */; };
		8A95227422DC7DC800D3122E /* tang_300_authors.json in Resources */ = {isa = PBXBuildFile; fileRef = 8A95227322DC7DC700D3122E /* tang_300_authors.json */; };
		8A95227622DEBF0800D3122E /* types.json in Resources */ = {isa = PBXBuildFile; fileRef = 8A95227522DEBF0800D3122E /* types.json */; };
		8ACB16D522D2F33F0070B448 /* TangShi.swift in Sources */ = {isa = PBXBuildFile; fileRef = 8ACB16D422D2F33F0070B448 /* TangShi.swift */; };
		8ACB16D722D2F39D0070B448 /* Data.swift in Sources */ = {isa = PBXBuildFile; fileRef = 8ACB16D622D2F39D0070B448 /* Data.swift */; };
		8ACB16D922D2FF710070B448 /* TangShiRow.swift in Sources */ = {isa = PBXBuildFile; fileRef = 8ACB16D822D2FF710070B448 /* TangShiRow.swift */; };
		8ACB16DB22D301820070B448 /* TangShiDetail.swift in Sources */ = {isa = PBXBuildFile; fileRef = 8ACB16DA22D301820070B448 /* TangShiDetail.swift */; };
		8ACB16DD22D4360C0070B448 /* tang_300.json in Resources */ = {isa = PBXBuildFile; fileRef = 8ACB16DC22D4360C0070B448 /* tang_300.json */; };
/* End PBXBuildFile section */

/* Begin PBXFileReference section */
		4CDAEF40255D1ECB008E85CA /* CategoryDetailView.swift */ = {isa = PBXFileReference; fileEncoding = 4; lastKnownFileType = sourcecode.swift; path = CategoryDetailView.swift; sourceTree = "<group>"; };
		4CDAEF43255D1EFF008E85CA /* Category.swift */ = {isa = PBXFileReference; fileEncoding = 4; lastKnownFileType = sourcecode.swift; path = Category.swift; sourceTree = "<group>"; };
		4CDAEF49255D2130008E85CA /* tssc.entitlements */ = {isa = PBXFileReference; lastKnownFileType = text.plist.entitlements; path = tssc.entitlements; sourceTree = "<group>"; };
		82287B4B22E35186000BA748 /* SourceHanSerifCN-Regular.ttf */ = {isa = PBXFileReference; lastKnownFileType = file; path = "SourceHanSerifCN-Regular.ttf"; sourceTree = "<group>"; };
		82525AA622D77A6C00BE64D3 /* TangShiList.swift */ = {isa = PBXFileReference; lastKnownFileType = sourcecode.swift; path = TangShiList.swift; sourceTree = "<group>"; };
		8273D40D22D97DDE005E73BF /* WebView.swift */ = {isa = PBXFileReference; lastKnownFileType = sourcecode.swift; path = WebView.swift; sourceTree = "<group>"; };
		8273D41122DA2543005E73BF /* tang_authors_10.json */ = {isa = PBXFileReference; lastKnownFileType = text.json; path = tang_authors_10.json; sourceTree = "<group>"; };
		8273D41322DA274E005E73BF /* Author.swift */ = {isa = PBXFileReference; lastKnownFileType = sourcecode.swift; path = Author.swift; sourceTree = "<group>"; };
		8273D41522DB799F005E73BF /* TangShiTitle.swift */ = {isa = PBXFileReference; lastKnownFileType = sourcecode.swift; path = TangShiTitle.swift; sourceTree = "<group>"; };
		828A02EB22DE12F300E48499 /* result.json */ = {isa = PBXFileReference; fileEncoding = 4; lastKnownFileType = text.json; path = result.json; sourceTree = "<group>"; };
		828A02EE22DE187200E48499 /* AuthorDetail.swift */ = {isa = PBXFileReference; lastKnownFileType = sourcecode.swift; path = AuthorDetail.swift; sourceTree = "<group>"; };
		8A23B00D22CDEAE8007643F0 /* tssc.app */ = {isa = PBXFileReference; explicitFileType = wrapper.application; includeInIndex = 0; path = tssc.app; sourceTree = BUILT_PRODUCTS_DIR; };
		8A23B01022CDEAE8007643F0 /* AppDelegate.swift */ = {isa = PBXFileReference; lastKnownFileType = sourcecode.swift; path = AppDelegate.swift; sourceTree = "<group>"; };
		8A23B01222CDEAE8007643F0 /* SceneDelegate.swift */ = {isa = PBXFileReference; lastKnownFileType = sourcecode.swift; path = SceneDelegate.swift; sourceTree = "<group>"; };
		8A23B01422CDEAE8007643F0 /* ContentView.swift */ = {isa = PBXFileReference; lastKnownFileType = sourcecode.swift; path = ContentView.swift; sourceTree = "<group>"; };
		8A23B01622CDEAEA007643F0 /* Assets.xcassets */ = {isa = PBXFileReference; lastKnownFileType = folder.assetcatalog; path = Assets.xcassets; sourceTree = "<group>"; };
		8A23B01922CDEAEA007643F0 /* Preview Assets.xcassets */ = {isa = PBXFileReference; lastKnownFileType = folder.assetcatalog; path = "Preview Assets.xcassets"; sourceTree = "<group>"; };
		8A23B01C22CDEAEA007643F0 /* Base */ = {isa = PBXFileReference; lastKnownFileType = file.storyboard; name = Base; path = Base.lproj/LaunchScreen.storyboard; sourceTree = "<group>"; };
		8A23B01E22CDEAEA007643F0 /* Info.plist */ = {isa = PBXFileReference; lastKnownFileType = text.plist.xml; path = Info.plist; sourceTree = "<group>"; };
		8A95227322DC7DC700D3122E /* tang_300_authors.json */ = {isa = PBXFileReference; fileEncoding = 4; lastKnownFileType = text.json; path = tang_300_authors.json; sourceTree = "<group>"; };
		8A95227522DEBF0800D3122E /* types.json */ = {isa = PBXFileReference; lastKnownFileType = text.json; path = types.json; sourceTree = "<group>"; };
		8ACB16D422D2F33F0070B448 /* TangShi.swift */ = {isa = PBXFileReference; lastKnownFileType = sourcecode.swift; path = TangShi.swift; sourceTree = "<group>"; };
		8ACB16D622D2F39D0070B448 /* Data.swift */ = {isa = PBXFileReference; lastKnownFileType = sourcecode.swift; path = Data.swift; sourceTree = "<group>"; };
		8ACB16D822D2FF710070B448 /* TangShiRow.swift */ = {isa = PBXFileReference; lastKnownFileType = sourcecode.swift; path = TangShiRow.swift; sourceTree = "<group>"; };
		8ACB16DA22D301820070B448 /* TangShiDetail.swift */ = {isa = PBXFileReference; lastKnownFileType = sourcecode.swift; path = TangShiDetail.swift; sourceTree = "<group>"; };
		8ACB16DC22D4360C0070B448 /* tang_300.json */ = {isa = PBXFileReference; lastKnownFileType = text.json; path = tang_300.json; sourceTree = "<group>"; };
/* End PBXFileReference section */

/* Begin PBXFrameworksBuildPhase section */
		8A23B00A22CDEAE8007643F0 /* Frameworks */ = {
			isa = PBXFrameworksBuildPhase;
			buildActionMask = 2147483647;
			files = (
			);
			runOnlyForDeploymentPostprocessing = 0;
		};
/* End PBXFrameworksBuildPhase section */

/* Begin PBXGroup section */
		8A23B00422CDEAE8007643F0 = {
			isa = PBXGroup;
			children = (
				8A23B00F22CDEAE8007643F0 /* tssc */,
				8A23B00E22CDEAE8007643F0 /* Products */,
				8A95227222DC7DB500D3122E /* Recovered References */,
			);
			sourceTree = "<group>";
		};
		8A23B00E22CDEAE8007643F0 /* Products */ = {
			isa = PBXGroup;
			children = (
				8A23B00D22CDEAE8007643F0 /* tssc.app */,
			);
			name = Products;
			sourceTree = "<group>";
		};
		8A23B00F22CDEAE8007643F0 /* tssc */ = {
			isa = PBXGroup;
			children = (
				4CDAEF49255D2130008E85CA /* tssc.entitlements */,
				4CDAEF40255D1ECB008E85CA /* CategoryDetailView.swift */,
				82287B4B22E35186000BA748 /* SourceHanSerifCN-Regular.ttf */,
				8ACB16D322D2F2070070B448 /* Model */,
				8A23B02422D2E903007643F0 /* Content */,
				8A23B01022CDEAE8007643F0 /* AppDelegate.swift */,
				8A23B01222CDEAE8007643F0 /* SceneDelegate.swift */,
				8A23B01422CDEAE8007643F0 /* ContentView.swift */,
				8A23B01622CDEAEA007643F0 /* Assets.xcassets */,
				8A23B01B22CDEAEA007643F0 /* LaunchScreen.storyboard */,
				8A23B01E22CDEAEA007643F0 /* Info.plist */,
				8A23B01822CDEAEA007643F0 /* Preview Content */,
				8ACB16D822D2FF710070B448 /* TangShiRow.swift */,
				8ACB16DA22D301820070B448 /* TangShiDetail.swift */,
				82525AA622D77A6C00BE64D3 /* TangShiList.swift */,
				8273D40D22D97DDE005E73BF /* WebView.swift */,
				8273D41522DB799F005E73BF /* TangShiTitle.swift */,
				828A02EE22DE187200E48499 /* AuthorDetail.swift */,
			);
			path = tssc;
			sourceTree = "<group>";
		};
		8A23B01822CDEAEA007643F0 /* Preview Content */ = {
			isa = PBXGroup;
			children = (
				8A23B01922CDEAEA007643F0 /* Preview Assets.xcassets */,
			);
			path = "Preview Content";
			sourceTree = "<group>";
		};
		8A23B02422D2E903007643F0 /* Content */ = {
			isa = PBXGroup;
			children = (
				828A02EB22DE12F300E48499 /* result.json */,
				8A95227322DC7DC700D3122E /* tang_300_authors.json */,
				8ACB16DC22D4360C0070B448 /* tang_300.json */,
				8273D41122DA2543005E73BF /* tang_authors_10.json */,
				8A95227522DEBF0800D3122E /* types.json */,
			);
			path = Content;
			sourceTree = "<group>";
		};
		8A95227222DC7DB500D3122E /* Recovered References */ = {
			isa = PBXGroup;
			children = (
			);
			name = "Recovered References";
			sourceTree = "<group>";
		};
		8ACB16D322D2F2070070B448 /* Model */ = {
			isa = PBXGroup;
			children = (
				4CDAEF43255D1EFF008E85CA /* Category.swift */,
				8ACB16D422D2F33F0070B448 /* TangShi.swift */,
				8ACB16D622D2F39D0070B448 /* Data.swift */,
				8273D41322DA274E005E73BF /* Author.swift */,
			);
			path = Model;
			sourceTree = "<group>";
		};
/* End PBXGroup section */

/* Begin PBXNativeTarget section */
		8A23B00C22CDEAE8007643F0 /* tssc */ = {
			isa = PBXNativeTarget;
			buildConfigurationList = 8A23B02122CDEAEA007643F0 /* Build configuration list for PBXNativeTarget "tssc" */;
			buildPhases = (
				8A23B00922CDEAE8007643F0 /* Sources */,
				8A23B00A22CDEAE8007643F0 /* Frameworks */,
				8A23B00B22CDEAE8007643F0 /* Resources */,
			);
			buildRules = (
			);
			dependencies = (
			);
			name = tssc;
			productName = tssc;
			productReference = 8A23B00D22CDEAE8007643F0 /* tssc.app */;
			productType = "com.apple.product-type.application";
		};
/* End PBXNativeTarget section */

/* Begin PBXProject section */
		8A23B00522CDEAE8007643F0 /* Project object */ = {
			isa = PBXProject;
			attributes = {
				LastSwiftUpdateCheck = 1100;
				LastUpgradeCheck = 1210;
				ORGANIZATIONNAME = fengde;
				TargetAttributes = {
					8A23B00C22CDEAE8007643F0 = {
						CreatedOnToolsVersion = 11.0;
					};
				};
			};
			buildConfigurationList = 8A23B00822CDEAE8007643F0 /* Build configuration list for PBXProject "tssc" */;
			compatibilityVersion = "Xcode 9.3";
			developmentRegion = en;
			hasScannedForEncodings = 0;
			knownRegions = (
				en,
				Base,
			);
			mainGroup = 8A23B00422CDEAE8007643F0;
			productRefGroup = 8A23B00E22CDEAE8007643F0 /* Products */;
			projectDirPath = "";
			projectRoot = "";
			targets = (
				8A23B00C22CDEAE8007643F0 /* tssc */,
			);
		};
/* End PBXProject section */

/* Begin PBXResourcesBuildPhase section */
		8A23B00B22CDEAE8007643F0 /* Resources */ = {
			isa = PBXResourcesBuildPhase;
			buildActionMask = 2147483647;
			files = (
				8A23B01D22CDEAEA007643F0 /* LaunchScreen.storyboard in Resources */,
				828A02EC22DE12F300E48499 /* result.json in Resources */,
				82287B4C22E35186000BA748 /* SourceHanSerifCN-Regular.ttf in Resources */,
				8A23B01A22CDEAEA007643F0 /* Preview Assets.xcassets in Resources */,
				8A95227422DC7DC800D3122E /* tang_300_authors.json in Resources */,
				8A23B01722CDEAEA007643F0 /* Assets.xcassets in Resources */,
				8273D41222DA2543005E73BF /* tang_authors_10.json in Resources */,
				8ACB16DD22D4360C0070B448 /* tang_300.json in Resources */,
				8A95227622DEBF0800D3122E /* types.json in Resources */,
			);
			runOnlyForDeploymentPostprocessing = 0;
		};
/* End PBXResourcesBuildPhase section */

/* Begin PBXSourcesBuildPhase section */
		8A23B00922CDEAE8007643F0 /* Sources */ = {
			isa = PBXSourcesBuildPhase;
			buildActionMask = 2147483647;
			files = (
				8A23B01122CDEAE8007643F0 /* AppDelegate.swift in Sources */,
				8ACB16D922D2FF710070B448 /* TangShiRow.swift in Sources */,
				8ACB16DB22D301820070B448 /* TangShiDetail.swift in Sources */,
				8ACB16D722D2F39D0070B448 /* Data.swift in Sources */,
				8A23B01322CDEAE8007643F0 /* SceneDelegate.swift in Sources */,
				4CDAEF41255D1ECB008E85CA /* CategoryDetailView.swift in Sources */,
				8ACB16D522D2F33F0070B448 /* TangShi.swift in Sources */,
				8273D41422DA274E005E73BF /* Author.swift in Sources */,
				8273D40E22D97DDE005E73BF /* WebView.swift in Sources */,
				82525AA722D77A6C00BE64D3 /* TangShiList.swift in Sources */,
				8273D41622DB799F005E73BF /* TangShiTitle.swift in Sources */,
				4CDAEF44255D1EFF008E85CA /* Category.swift in Sources */,
				8A23B01522CDEAE8007643F0 /* ContentView.swift in Sources */,
				828A02EF22DE187200E48499 /* AuthorDetail.swift in Sources */,
			);
			runOnlyForDeploymentPostprocessing = 0;
		};
/* End PBXSourcesBuildPhase section */

/* Begin PBXVariantGroup section */
		8A23B01B22CDEAEA007643F0 /* LaunchScreen.storyboard */ = {
			isa = PBXVariantGroup;
			children = (
				8A23B01C22CDEAEA007643F0 /* Base */,
			);
			name = LaunchScreen.storyboard;
			sourceTree = "<group>";
		};
/* End PBXVariantGroup section */

/* Begin XCBuildConfiguration section */
		8A23B01F22CDEAEA007643F0 /* Debug */ = {
			isa = XCBuildConfiguration;
			buildSettings = {
				ALWAYS_SEARCH_USER_PATHS = NO;
				CLANG_ANALYZER_NONNULL = YES;
				CLANG_ANALYZER_NUMBER_OBJECT_CONVERSION = YES_AGGRESSIVE;
				CLANG_CXX_LANGUAGE_STANDARD = "gnu++14";
				CLANG_CXX_LIBRARY = "libc++";
				CLANG_ENABLE_MODULES = YES;
				CLANG_ENABLE_OBJC_ARC = YES;
				CLANG_ENABLE_OBJC_WEAK = YES;
				CLANG_WARN_BLOCK_CAPTURE_AUTORELEASING = YES;
				CLANG_WARN_BOOL_CONVERSION = YES;
				CLANG_WARN_COMMA = YES;
				CLANG_WARN_CONSTANT_CONVERSION = YES;
				CLANG_WARN_DEPRECATED_OBJC_IMPLEMENTATIONS = YES;
				CLANG_WARN_DIRECT_OBJC_ISA_USAGE = YES_ERROR;
				CLANG_WARN_DOCUMENTATION_COMMENTS = YES;
				CLANG_WARN_EMPTY_BODY = YES;
				CLANG_WARN_ENUM_CONVERSION = YES;
				CLANG_WARN_INFINITE_RECURSION = YES;
				CLANG_WARN_INT_CONVERSION = YES;
				CLANG_WARN_NON_LITERAL_NULL_CONVERSION = YES;
				CLANG_WARN_OBJC_IMPLICIT_RETAIN_SELF = YES;
				CLANG_WARN_OBJC_LITERAL_CONVERSION = YES;
				CLANG_WARN_OBJC_ROOT_CLASS = YES_ERROR;
				CLANG_WARN_QUOTED_INCLUDE_IN_FRAMEWORK_HEADER = YES;
				CLANG_WARN_RANGE_LOOP_ANALYSIS = YES;
				CLANG_WARN_STRICT_PROTOTYPES = YES;
				CLANG_WARN_SUSPICIOUS_MOVE = YES;
				CLANG_WARN_UNGUARDED_AVAILABILITY = YES_AGGRESSIVE;
				CLANG_WARN_UNREACHABLE_CODE = YES;
				CLANG_WARN__DUPLICATE_METHOD_MATCH = YES;
				COPY_PHASE_STRIP = NO;
				DEBUG_INFORMATION_FORMAT = dwarf;
				ENABLE_STRICT_OBJC_MSGSEND = YES;
				ENABLE_TESTABILITY = YES;
				GCC_C_LANGUAGE_STANDARD = gnu11;
				GCC_DYNAMIC_NO_PIC = NO;
				GCC_NO_COMMON_BLOCKS = YES;
				GCC_OPTIMIZATION_LEVEL = 0;
				GCC_PREPROCESSOR_DEFINITIONS = (
					"DEBUG=1",
					"$(inherited)",
				);
				GCC_WARN_64_TO_32_BIT_CONVERSION = YES;
				GCC_WARN_ABOUT_RETURN_TYPE = YES_ERROR;
				GCC_WARN_UNDECLARED_SELECTOR = YES;
				GCC_WARN_UNINITIALIZED_AUTOS = YES_AGGRESSIVE;
				GCC_WARN_UNUSED_FUNCTION = YES;
				GCC_WARN_UNUSED_VARIABLE = YES;
				IPHONEOS_DEPLOYMENT_TARGET = 14.0;
				MTL_ENABLE_DEBUG_INFO = INCLUDE_SOURCE;
				MTL_FAST_MATH = YES;
				ONLY_ACTIVE_ARCH = YES;
				SDKROOT = iphoneos;
				SWIFT_ACTIVE_COMPILATION_CONDITIONS = DEBUG;
				SWIFT_OPTIMIZATION_LEVEL = "-Onone";
			};
			name = Debug;
		};
		8A23B02022CDEAEA007643F0 /* Release */ = {
			isa = XCBuildConfiguration;
			buildSettings = {
				ALWAYS_SEARCH_USER_PATHS = NO;
				CLANG_ANALYZER_NONNULL = YES;
				CLANG_ANALYZER_NUMBER_OBJECT_CONVERSION = YES_AGGRESSIVE;
				CLANG_CXX_LANGUAGE_STANDARD = "gnu++14";
				CLANG_CXX_LIBRARY = "libc++";
				CLANG_ENABLE_MODULES = YES;
				CLANG_ENABLE_OBJC_ARC = YES;
				CLANG_ENABLE_OBJC_WEAK = YES;
				CLANG_WARN_BLOCK_CAPTURE_AUTORELEASING = YES;
				CLANG_WARN_BOOL_CONVERSION = YES;
				CLANG_WARN_COMMA = YES;
				CLANG_WARN_CONSTANT_CONVERSION = YES;
				CLANG_WARN_DEPRECATED_OBJC_IMPLEMENTATIONS = YES;
				CLANG_WARN_DIRECT_OBJC_ISA_USAGE = YES_ERROR;
				CLANG_WARN_DOCUMENTATION_COMMENTS = YES;
				CLANG_WARN_EMPTY_BODY = YES;
				CLANG_WARN_ENUM_CONVERSION = YES;
				CLANG_WARN_INFINITE_RECURSION = YES;
				CLANG_WARN_INT_CONVERSION = YES;
				CLANG_WARN_NON_LITERAL_NULL_CONVERSION = YES;
				CLANG_WARN_OBJC_IMPLICIT_RETAIN_SELF = YES;
				CLANG_WARN_OBJC_LITERAL_CONVERSION = YES;
				CLANG_WARN_OBJC_ROOT_CLASS = YES_ERROR;
				CLANG_WARN_QUOTED_INCLUDE_IN_FRAMEWORK_HEADER = YES;
				CLANG_WARN_RANGE_LOOP_ANALYSIS = YES;
				CLANG_WARN_STRICT_PROTOTYPES = YES;
				CLANG_WARN_SUSPICIOUS_MOVE = YES;
				CLANG_WARN_UNGUARDED_AVAILABILITY = YES_AGGRESSIVE;
				CLANG_WARN_UNREACHABLE_CODE = YES;
				CLANG_WARN__DUPLICATE_METHOD_MATCH = YES;
				COPY_PHASE_STRIP = NO;
				DEBUG_INFORMATION_FORMAT = "dwarf-with-dsym";
				ENABLE_NS_ASSERTIONS = NO;
				ENABLE_STRICT_OBJC_MSGSEND = YES;
				GCC_C_LANGUAGE_STANDARD = gnu11;
				GCC_NO_COMMON_BLOCKS = YES;
				GCC_WARN_64_TO_32_BIT_CONVERSION = YES;
				GCC_WARN_ABOUT_RETURN_TYPE = YES_ERROR;
				GCC_WARN_UNDECLARED_SELECTOR = YES;
				GCC_WARN_UNINITIALIZED_AUTOS = YES_AGGRESSIVE;
				GCC_WARN_UNUSED_FUNCTION = YES;
				GCC_WARN_UNUSED_VARIABLE = YES;
				IPHONEOS_DEPLOYMENT_TARGET = 14.0;
				MTL_ENABLE_DEBUG_INFO = NO;
				MTL_FAST_MATH = YES;
				SDKROOT = iphoneos;
				SWIFT_COMPILATION_MODE = wholemodule;
				SWIFT_OPTIMIZATION_LEVEL = "-O";
				VALIDATE_PRODUCT = YES;
			};
			name = Release;
		};
		8A23B02222CDEAEA007643F0 /* Debug */ = {
			isa = XCBuildConfiguration;
			buildSettings = {
				ASSETCATALOG_COMPILER_APPICON_NAME = AppIcon;
				CODE_SIGN_ENTITLEMENTS = tssc/tssc.entitlements;
				CODE_SIGN_STYLE = Automatic;
				DEVELOPMENT_ASSET_PATHS = "tssc/Preview\\ Content";
				DEVELOPMENT_TEAM = EW5PD4CP7C;
				ENABLE_PREVIEWS = YES;
				INFOPLIST_FILE = tssc/Info.plist;
				LD_RUNPATH_SEARCH_PATHS = (
					"$(inherited)",
					"@executable_path/Frameworks",
				);
				PRODUCT_BUNDLE_IDENTIFIER = me.fengqijun.tssc;
				PRODUCT_NAME = "$(TARGET_NAME)";
				SUPPORTS_MACCATALYST = YES;
				SWIFT_VERSION = 5.0;
				TARGETED_DEVICE_FAMILY = "1,2";
			};
			name = Debug;
		};
		8A23B02322CDEAEA007643F0 /* Release */ = {
			isa = XCBuildConfiguration;
			buildSettings = {
				ASSETCATALOG_COMPILER_APPICON_NAME = AppIcon;
				CODE_SIGN_ENTITLEMENTS = tssc/tssc.entitlements;
				CODE_SIGN_STYLE = Automatic;
				DEVELOPMENT_ASSET_PATHS = "tssc/Preview\\ Content";
				DEVELOPMENT_TEAM = EW5PD4CP7C;
				ENABLE_PREVIEWS = YES;
				INFOPLIST_FILE = tssc/Info.plist;
				LD_RUNPATH_SEARCH_PATHS = (
					"$(inherited)",
					"@executable_path/Frameworks",
				);
				PRODUCT_BUNDLE_IDENTIFIER = me.fengqijun.tssc;
				PRODUCT_NAME = "$(TARGET_NAME)";
				SUPPORTS_MACCATALYST = YES;
				SWIFT_VERSION = 5.0;
				TARGETED_DEVICE_FAMILY = "1,2";
			};
			name = Release;
		};
/* End XCBuildConfiguration section */

/* Begin XCConfigurationList section */
		8A23B00822CDEAE8007643F0 /* Build configuration list for PBXProject "tssc" */ = {
			isa = XCConfigurationList;
			buildConfigurations = (
				8A23B01F22CDEAEA007643F0 /* Debug */,
				8A23B02022CDEAEA007643F0 /* Release */,
			);
			defaultConfigurationIsVisible = 0;
			defaultConfigurationName = Release;
		};
		8A23B02122CDEAEA007643F0 /* Build configuration list for PBXNativeTarget "tssc" */ = {
			isa = XCConfigurationList;
			buildConfigurations = (
				8A23B02222CDEAEA007643F0 /* Debug */,
				8A23B02322CDEAEA007643F0 /* Release */,
			);
			defaultConfigurationIsVisible = 0;
			defaultConfigurationName = Release;
		};
/* End XCConfigurationList section */
	};
	rootObject = 8A23B00522CDEAE8007643F0 /* Project object */;
}
